<?xml version="1.0" encoding="utf-8"?>
<Project ToolsVersion="4.0" xmlns="http://schemas.microsoft.com/developer/msbuild/2003">
  <ItemGroup>
    <Filter Include="op">
      <UniqueIdentifier>{f63bf038-a8aa-4b31-8e78-f8865db88f22}</UniqueIdentifier>
    </Filter>
    <Filter Include="render">
      <UniqueIdentifier>{e495f617-497e-459a-89bf-005a5a4ee998}</UniqueIdentifier>
    </Filter>
    <Filter Include="dsp">
      <UniqueIdentifier>{3e0efaef-0f86-4445-bc4a-ee348f27cafa}</UniqueIdentifier>
    </Filter>
    <Filter Include="prov">
      <UniqueIdentifier>{3d5191d1-d907-41e4-aed6-0f635364f63d}</UniqueIdentifier>
    </Filter>
    <Filter Include="gui">
      <UniqueIdentifier>{d4abcb2d-cbe5-4338-9d25-181f5c7e50c5}</UniqueIdentifier>
    </Filter>
    <Filter Include="base">
      <UniqueIdentifier>{33228e2a-3d79-4539-bc42-f98876ee3f3b}</UniqueIdentifier>
    </Filter>
    <Filter Include="audio">
      <UniqueIdentifier>{935b133f-f696-4b69-98fb-9386c7a1946a}</UniqueIdentifier>
    </Filter>
    <Filter Include="theme">
      <UniqueIdentifier>{eae69fc4-1091-4517-ac16-1b12905729cd}</UniqueIdentifier>
    </Filter>
    <Filter Include="plot">
      <UniqueIdentifier>{8a43f5cc-ba62-4f8b-a6c3-aee1ef50082b}</UniqueIdentifier>
    </Filter>
    <Filter Include="imapp">
      <UniqueIdentifier>{c8c5e653-b833-421c-b10c-303e20857f09}</UniqueIdentifier>
    </Filter>
    <Filter Include="3rdparty">
      <UniqueIdentifier>{ec7a3d29-f88d-435b-9291-9c31ba73204a}</UniqueIdentifier>
    </Filter>
    <Filter Include="3rdparty\imnodes">
      <UniqueIdentifier>{32801069-2ba1-439d-90d1-44f3b878732f}</UniqueIdentifier>
    </Filter>
    <Filter Include="3rdparty\imgui">
      <UniqueIdentifier>{61d07be6-8ba9-46de-9220-7c7e9c20a938}</UniqueIdentifier>
    </Filter>
    <Filter Include="3rdparty\imFileDialog">
      <UniqueIdentifier>{3ce5a1f3-ec03-4789-9bf1-b55abfac78dd}</UniqueIdentifier>
    </Filter>
    <Filter Include="3rdparty\ImGuizmo">
      <UniqueIdentifier>{71fc2fb1-bf3d-40ed-a352-8160ba65cfa2}</UniqueIdentifier>
    </Filter>
  </ItemGroup>
  <ItemGroup>
    <ClCompile Include="src\dsp\KcSampled1d.cpp">
      <Filter>dsp</Filter>
    </ClCompile>
    <ClCompile Include="src\dsp\KcSampled2d.cpp">
      <Filter>dsp</Filter>
    </ClCompile>
    <ClCompile Include="src\dsp\KgFilterBank.cpp">
      <Filter>dsp</Filter>
    </ClCompile>
    <ClCompile Include="src\dsp\KgHist.cpp">
      <Filter>dsp</Filter>
    </ClCompile>
    <ClCompile Include="src\dsp\KgMultiply.cpp">
      <Filter>dsp</Filter>
    </ClCompile>
    <ClCompile Include="src\dsp\KgRdft.cpp">
      <Filter>dsp</Filter>
    </ClCompile>
    <ClCompile Include="src\dsp\KgSpectrogram.cpp">
      <Filter>dsp</Filter>
    </ClCompile>
    <ClCompile Include="src\dsp\KgSpectrum.cpp">
      <Filter>dsp</Filter>
    </ClCompile>
    <ClCompile Include="src\dsp\KgWindowing.cpp">
      <Filter>dsp</Filter>
    </ClCompile>
    <ClCompile Include="src\dsp\KuFreqUnit.cpp">
      <Filter>dsp</Filter>
    </ClCompile>
    <ClCompile Include="src\dsp\KuWindowFactory.cpp">
      <Filter>dsp</Filter>
    </ClCompile>
    <ClCompile Include="src\dsp\KpExprtkHelper_.cpp">
      <Filter>dsp</Filter>
    </ClCompile>
    <ClCompile Include="src\base\KuPathUtil.cpp">
      <Filter>base</Filter>
    </ClCompile>
    <ClCompile Include="src\base\KuStrUtil.cpp">
      <Filter>base</Filter>
    </ClCompile>
    <ClCompile Include="src\dsp\KuInterp1d.cpp">
      <Filter>dsp</Filter>
    </ClCompile>
    <ClCompile Include="src\dsp\KuExtrapolate.cpp">
      <Filter>dsp</Filter>
    </ClCompile>
    <ClCompile Include="src\dsp\KcInterpolater.cpp">
      <Filter>dsp</Filter>
    </ClCompile>
    <ClCompile Include="src\dsp\KgResampler.cpp">
      <Filter>dsp</Filter>
    </ClCompile>
    <ClCompile Include="src\dsp\KvContinued.cpp">
      <Filter>dsp</Filter>
    </ClCompile>
    <ClCompile Include="src\dsp\KvDiscreted.cpp">
      <Filter>dsp</Filter>
    </ClCompile>
    <ClCompile Include="src\main.cpp" />
    <ClCompile Include="src\dsp\KgRand.cpp">
      <Filter>dsp</Filter>
    </ClCompile>
    <ClCompile Include="src\dsp\KmBins.cpp">
      <Filter>dsp</Filter>
    </ClCompile>
    <ClCompile Include="src\dsp\KgHistC.cpp">
      <Filter>dsp</Filter>
    </ClCompile>
    <ClCompile Include="src\base\KuFileUtil.cpp">
      <Filter>base</Filter>
    </ClCompile>
    <ClCompile Include="src\plot\KvTicker.cpp">
      <Filter>plot</Filter>
    </ClCompile>
    <ClCompile Include="src\plot\KcLinearTicker.cpp">
      <Filter>plot</Filter>
    </ClCompile>
    <ClCompile Include="3rdparty\imgui\imgui.cpp">
      <Filter>3rdparty\imgui</Filter>
    </ClCompile>
    <ClCompile Include="3rdparty\imgui\imgui_draw.cpp">
      <Filter>3rdparty\imgui</Filter>
    </ClCompile>
    <ClCompile Include="3rdparty\imgui\imgui_tables.cpp">
      <Filter>3rdparty\imgui</Filter>
    </ClCompile>
    <ClCompile Include="3rdparty\imgui\imgui_widgets.cpp">
      <Filter>3rdparty\imgui</Filter>
    </ClCompile>
    <ClCompile Include="3rdparty\imgui\backends\imgui_impl_glfw.cpp">
      <Filter>3rdparty\imgui</Filter>
    </ClCompile>
    <ClCompile Include="3rdparty\imgui\backends\imgui_impl_opengl3.cpp">
      <Filter>3rdparty\imgui</Filter>
    </ClCompile>
    <ClCompile Include="src\imapp\KsImApp.cpp">
      <Filter>imapp</Filter>
    </ClCompile>
    <ClCompile Include="src\imapp\KvImWindow.cpp">
      <Filter>imapp</Filter>
    </ClCompile>
    <ClCompile Include="3rdparty\imnodes\imnodes.cpp">
      <Filter>3rdparty\imnodes</Filter>
    </ClCompile>
    <ClCompile Include="src\imapp\KgImWindowManager.cpp">
      <Filter>imapp</Filter>
    </ClCompile>
    <ClCompile Include="3rdparty\imgui\imgui_demo.cpp">
      <Filter>3rdparty\imgui</Filter>
    </ClCompile>
    <ClCompile Include="src\imapp\KcImNodeEditor.cpp">
      <Filter>imapp</Filter>
    </ClCompile>
    <ClCompile Include="src\imapp\KvNode.cpp">
      <Filter>imapp</Filter>
    </ClCompile>
    <ClCompile Include="src\imapp\KcImActionPanel.cpp">
      <Filter>imapp</Filter>
    </ClCompile>
    <ClCompile Include="3rdparty\ImFileDialog\ImFileDialog.cpp">
      <Filter>3rdparty\imFileDialog</Filter>
    </ClCompile>
    <ClCompile Include="src\imapp\KcActionNewTextData.cpp">
      <Filter>imapp</Filter>
    </ClCompile>
    <ClCompile Include="src\imapp\KcActionSequence.cpp">
      <Filter>imapp</Filter>
    </ClCompile>
    <ClCompile Include="src\imapp\KcActionFileDialog.cpp">
      <Filter>imapp</Filter>
    </ClCompile>
    <ClCompile Include="src\imapp\KcActionTextLoadAndClean.cpp">
      <Filter>imapp</Filter>
    </ClCompile>
    <ClCompile Include="src\imapp\KcImTextCleanWindow.cpp">
      <Filter>imapp</Filter>
    </ClCompile>
    <ClCompile Include="src\imapp\KvImModalWindow.cpp">
      <Filter>imapp</Filter>
    </ClCompile>
    <ClCompile Include="src\imapp\KgModuleManager.cpp">
      <Filter>imapp</Filter>
    </ClCompile>
    <ClCompile Include="src\imapp\KcModuleImGuiGlfw.cpp">
      <Filter>imapp</Filter>
    </ClCompile>
    <ClCompile Include="src\imapp\KcModuleImNode.cpp">
      <Filter>imapp</Filter>
    </ClCompile>
    <ClCompile Include="src\imapp\KcModuleImFileDialog.cpp">
      <Filter>imapp</Filter>
    </ClCompile>
    <ClCompile Include="src\imapp\KcImDataView.cpp">
      <Filter>imapp</Filter>
    </ClCompile>
    <ClCompile Include="src\imapp\KcActionInsertDataNode.cpp">
      <Filter>imapp</Filter>
    </ClCompile>
    <ClCompile Include="src\prov\KvDataProvider.cpp">
      <Filter>prov</Filter>
    </ClCompile>
    <ClCompile Include="src\prov\KcPvData.cpp">
      <Filter>prov</Filter>
    </ClCompile>
    <ClCompile Include="3rdparty\ImGuizmo\ImGuizmo.cpp">
      <Filter>3rdparty\ImGuizmo</Filter>
    </ClCompile>
    <ClCompile Include="src\imapp\KvImGuizmoWindow.cpp">
      <Filter>imapp</Filter>
    </ClCompile>
  </ItemGroup>
  <ItemGroup>
    <ClInclude Include="src\dsp\KvData.h">
      <Filter>dsp</Filter>
    </ClInclude>
    <ClInclude Include="src\dsp\KtSampling.h">
      <Filter>dsp</Filter>
    </ClInclude>
    <ClInclude Include="src\dsp\KtSampledArray.h">
      <Filter>dsp</Filter>
    </ClInclude>
    <ClInclude Include="src\dsp\KtInterval.h">
      <Filter>dsp</Filter>
    </ClInclude>
    <ClInclude Include="src\dsp\KgWindowing.h">
      <Filter>dsp</Filter>
    </ClInclude>
    <ClInclude Include="src\dsp\KgSpectrum.h">
      <Filter>dsp</Filter>
    </ClInclude>
    <ClInclude Include="src\dsp\KgSpectrogram.h">
      <Filter>dsp</Filter>
    </ClInclude>
    <ClInclude Include="src\dsp\KgRdft.h">
      <Filter>dsp</Filter>
    </ClInclude>
    <ClInclude Include="src\dsp\KgMultiply.h">
      <Filter>dsp</Filter>
    </ClInclude>
    <ClInclude Include="src\dsp\KgHist.h">
      <Filter>dsp</Filter>
    </ClInclude>
    <ClInclude Include="src\dsp\KgFilterBank.h">
      <Filter>dsp</Filter>
    </ClInclude>
    <ClInclude Include="src\dsp\kDsp.h">
      <Filter>dsp</Filter>
    </ClInclude>
    <ClInclude Include="src\dsp\KcSampled2d.h">
      <Filter>dsp</Filter>
    </ClInclude>
    <ClInclude Include="src\dsp\KcSampled1d.h">
      <Filter>dsp</Filter>
    </ClInclude>
    <ClInclude Include="src\dsp\KuFreqUnit.h">
      <Filter>dsp</Filter>
    </ClInclude>
    <ClInclude Include="src\dsp\KuWindowFactory.h">
      <Filter>dsp</Filter>
    </ClInclude>
    <ClInclude Include="src\dsp\KtSampled.h">
      <Filter>dsp</Filter>
    </ClInclude>
    <ClInclude Include="src\dsp\KtContinued.h">
      <Filter>dsp</Filter>
    </ClInclude>
    <ClInclude Include="src\dsp\KtScattered.h">
      <Filter>dsp</Filter>
    </ClInclude>
    <ClInclude Include="src\dsp\KtContinuedExpr.h">
      <Filter>dsp</Filter>
    </ClInclude>
    <ClInclude Include="src\dsp\KtSampler.h">
      <Filter>dsp</Filter>
    </ClInclude>
    <ClInclude Include="src\dsp\KvSampled.h">
      <Filter>dsp</Filter>
    </ClInclude>
    <ClInclude Include="src\base\KtObservable.h">
      <Filter>base</Filter>
    </ClInclude>
    <ClInclude Include="src\base\KtSingleton.h">
      <Filter>base</Filter>
    </ClInclude>
    <ClInclude Include="src\base\KuFileUtil.h">
      <Filter>base</Filter>
    </ClInclude>
    <ClInclude Include="src\base\KuPathUtil.h">
      <Filter>base</Filter>
    </ClInclude>
    <ClInclude Include="src\base\KuStrUtil.h">
      <Filter>base</Filter>
    </ClInclude>
    <ClInclude Include="src\dsp\functions.h">
      <Filter>dsp</Filter>
    </ClInclude>
    <ClInclude Include="src\dsp\KuExtrapolate.h">
      <Filter>dsp</Filter>
    </ClInclude>
    <ClInclude Include="src\dsp\KuInterp1d.h">
      <Filter>dsp</Filter>
    </ClInclude>
    <ClInclude Include="src\dsp\KcInterpolater.h">
      <Filter>dsp</Filter>
    </ClInclude>
    <ClInclude Include="src\dsp\KvDiscreted.h">
      <Filter>dsp</Filter>
    </ClInclude>
    <ClInclude Include="src\dsp\KvContinued.h">
      <Filter>dsp</Filter>
    </ClInclude>
    <ClInclude Include="src\dsp\KvFilter.h">
      <Filter>dsp</Filter>
    </ClInclude>
    <ClInclude Include="src\dsp\KtFIR.h">
      <Filter>dsp</Filter>
    </ClInclude>
    <ClInclude Include="src\dsp\KtFraming.h">
      <Filter>dsp</Filter>
    </ClInclude>
    <ClInclude Include="src\dsp\KtResampling.h">
      <Filter>dsp</Filter>
    </ClInclude>
    <ClInclude Include="src\dsp\KgResampler.h">
      <Filter>dsp</Filter>
    </ClInclude>
    <ClInclude Include="src\base\KtuMath.h">
      <Filter>base</Filter>
    </ClInclude>
    <ClInclude Include="src\dsp\KgRand.h">
      <Filter>dsp</Filter>
    </ClInclude>
    <ClInclude Include="src\dsp\KvExcitor.h">
      <Filter>dsp</Filter>
    </ClInclude>
    <ClInclude Include="src\dsp\excitors.h">
      <Filter>dsp</Filter>
    </ClInclude>
    <ClInclude Include="src\dsp\KgHistC.h">
      <Filter>dsp</Filter>
    </ClInclude>
    <ClInclude Include="src\dsp\KmBins.h">
      <Filter>dsp</Filter>
    </ClInclude>
    <ClInclude Include="src\render.h" />
    <ClInclude Include="src\provider.h" />
    <ClInclude Include="src\operator.h" />
    <ClInclude Include="src\dsp\KuMatrixUtil.h">
      <Filter>dsp</Filter>
    </ClInclude>
    <ClInclude Include="src\plot\KcAxis.h">
      <Filter>plot</Filter>
    </ClInclude>
    <ClInclude Include="src\plot\KcCoordSystem.h">
      <Filter>plot</Filter>
    </ClInclude>
    <ClInclude Include="src\plot\KvPlottable.h">
      <Filter>plot</Filter>
    </ClInclude>
    <ClInclude Include="src\plot\KvPlot.h">
      <Filter>plot</Filter>
    </ClInclude>
    <ClInclude Include="src\plot\KvRenderable.h">
      <Filter>plot</Filter>
    </ClInclude>
    <ClInclude Include="src\base\KtVector3.h">
      <Filter>base</Filter>
    </ClInclude>
    <ClInclude Include="src\base\KtVector4.h">
      <Filter>base</Filter>
    </ClInclude>
    <ClInclude Include="src\plot\KvTicker.h">
      <Filter>plot</Filter>
    </ClInclude>
    <ClInclude Include="src\plot\KcLinearTicker.h">
      <Filter>plot</Filter>
    </ClInclude>
    <ClInclude Include="src\plot\KcGridPlane.h">
      <Filter>plot</Filter>
    </ClInclude>
    <ClInclude Include="src\dsp\KtMultiArray.h">
      <Filter>dsp</Filter>
    </ClInclude>
    <ClInclude Include="src\base\KtPoint.h">
      <Filter>base</Filter>
    </ClInclude>
    <ClInclude Include="src\base\KtAABB.h">
      <Filter>base</Filter>
    </ClInclude>
    <ClInclude Include="src\plot\KcGraph.h">
      <Filter>plot</Filter>
    </ClInclude>
    <ClInclude Include="src\plot\KvPlottable1d.h">
      <Filter>plot</Filter>
    </ClInclude>
    <ClInclude Include="src\base\KtMatrix3.h">
      <Filter>base</Filter>
    </ClInclude>
    <ClInclude Include="3rdparty\imgui\imconfig.h">
      <Filter>3rdparty\imgui</Filter>
    </ClInclude>
    <ClInclude Include="3rdparty\imgui\imgui.h">
      <Filter>3rdparty\imgui</Filter>
    </ClInclude>
    <ClInclude Include="3rdparty\imgui\imgui_internal.h">
      <Filter>3rdparty\imgui</Filter>
    </ClInclude>
    <ClInclude Include="3rdparty\imgui\imstb_rectpack.h">
      <Filter>3rdparty\imgui</Filter>
    </ClInclude>
    <ClInclude Include="3rdparty\imgui\imstb_textedit.h">
      <Filter>3rdparty\imgui</Filter>
    </ClInclude>
    <ClInclude Include="3rdparty\imgui\imstb_truetype.h">
      <Filter>3rdparty\imgui</Filter>
    </ClInclude>
    <ClInclude Include="3rdparty\imgui\backends\imgui_impl_glfw.h">
      <Filter>3rdparty\imgui</Filter>
    </ClInclude>
    <ClInclude Include="3rdparty\imgui\backends\imgui_impl_opengl3.h">
      <Filter>3rdparty\imgui</Filter>
    </ClInclude>
    <ClInclude Include="3rdparty\imgui\backends\imgui_impl_opengl3_loader.h">
      <Filter>3rdparty\imgui</Filter>
    </ClInclude>
    <ClInclude Include="src\imapp\KsImApp.h">
      <Filter>imapp</Filter>
    </ClInclude>
    <ClInclude Include="src\imapp\KvImWindow.h">
      <Filter>imapp</Filter>
    </ClInclude>
    <ClInclude Include="3rdparty\imnodes\imnodes.h">
      <Filter>3rdparty\imnodes</Filter>
    </ClInclude>
    <ClInclude Include="3rdparty\imnodes\imnodes_internal.h">
      <Filter>3rdparty\imnodes</Filter>
    </ClInclude>
    <ClInclude Include="src\imapp\KgImWindowManager.h">
      <Filter>imapp</Filter>
    </ClInclude>
    <ClInclude Include="src\imapp\KcImNodeEditor.h">
      <Filter>imapp</Filter>
    </ClInclude>
    <ClInclude Include="src\imapp\KvNode.h">
      <Filter>imapp</Filter>
    </ClInclude>
    <ClInclude Include="src\imapp\KcImActionPanel.h">
      <Filter>imapp</Filter>
    </ClInclude>
    <ClInclude Include="3rdparty\ImFileDialog\ImFileDialog.h">
      <Filter>3rdparty\imFileDialog</Filter>
    </ClInclude>
    <ClInclude Include="src\base\KtUId.h">
      <Filter>base</Filter>
    </ClInclude>
    <ClInclude Include="src\base\KtUniObject.h">
      <Filter>base</Filter>
    </ClInclude>
    <ClInclude Include="src\imapp\KvAction.h">
      <Filter>imapp</Filter>
    </ClInclude>
    <ClInclude Include="src\imapp\KcActionNewTextData.h">
      <Filter>imapp</Filter>
    </ClInclude>
    <ClInclude Include="src\imapp\KcActionSequence.h">
      <Filter>imapp</Filter>
    </ClInclude>
    <ClInclude Include="src\imapp\KcActionFileDialog.h">
      <Filter>imapp</Filter>
    </ClInclude>
    <ClInclude Include="src\imapp\KcActionTextLoadAndClean.h">
      <Filter>imapp</Filter>
    </ClInclude>
    <ClInclude Include="src\imapp\KcImTextCleanWindow.h">
      <Filter>imapp</Filter>
    </ClInclude>
    <ClInclude Include="src\imapp\KvModule.h">
      <Filter>imapp</Filter>
    </ClInclude>
    <ClInclude Include="src\imapp\KvImModalWindow.h">
      <Filter>imapp</Filter>
    </ClInclude>
    <ClInclude Include="src\imapp\KgModuleManager.h">
      <Filter>imapp</Filter>
    </ClInclude>
    <ClInclude Include="src\imapp\KcModuleImGuiGlfw.h">
      <Filter>imapp</Filter>
    </ClInclude>
    <ClInclude Include="src\imapp\KcModuleImNode.h">
      <Filter>imapp</Filter>
    </ClInclude>
    <ClInclude Include="src\imapp\KcModuleImFileDialog.h">
      <Filter>imapp</Filter>
    </ClInclude>
    <ClInclude Include="src\imapp\KcImDataView.h">
      <Filter>imapp</Filter>
    </ClInclude>
    <ClInclude Include="src\imapp\KcActionInsertDataNode.h">
      <Filter>imapp</Filter>
    </ClInclude>
    <ClInclude Include="src\prov\KvDataProvider.h">
      <Filter>prov</Filter>
    </ClInclude>
    <ClInclude Include="src\prov\KcPvData.h">
      <Filter>prov</Filter>
    </ClInclude>
    <ClInclude Include="3rdparty\ImGuizmo\ImGuizmo.h">
      <Filter>3rdparty\ImGuizmo</Filter>
    </ClInclude>
    <ClInclude Include="src\imapp\KvImGuizmoWindow.h">
      <Filter>imapp</Filter>
    </ClInclude>
    <ClInclude Include="src\base\KtMatrix4.h">
      <Filter>base</Filter>
    </ClInclude>
    <ClInclude Include="src\base\KtQuaternion.h">
      <Filter>base</Filter>
    </ClInclude>
    <ClInclude Include="src\base\KtArray.h">
      <Filter>base</Filter>
    </ClInclude>
  </ItemGroup>
</Project>