<?xml version="1.0" encoding="utf-8"?>
<Project ToolsVersion="4.0" xmlns="http://schemas.microsoft.com/developer/msbuild/2003">
  <ItemGroup>
    <Filter Include="Source Files">
      <UniqueIdentifier>{4FC737F1-C7A5-4376-A066-2A32D752A2FF}</UniqueIdentifier>
      <Extensions>cpp;c;cc;cxx;def;odl;idl;hpj;bat;asm;asmx</Extensions>
    </Filter>
    <Filter Include="Header Files">
      <UniqueIdentifier>{93995380-89BD-4b04-88EB-625FBE52EBFB}</UniqueIdentifier>
      <Extensions>h;hh;hpp;hxx;hm;inl;inc;xsd</Extensions>
    </Filter>
    <Filter Include="Resource Files">
      <UniqueIdentifier>{67DA6AB6-F800-4c08-8B7A-83BB121AAD01}</UniqueIdentifier>
      <Extensions>qrc;rc;ico;cur;bmp;dlg;rc2;rct;bin;rgs;gif;jpg;jpeg;jpe;resx;tiff;tif;png;wav;mfcribbon-ms</Extensions>
    </Filter>
    <Filter Include="Form Files">
      <UniqueIdentifier>{99349809-55BA-4b9d-BF79-8FDBB0286EB3}</UniqueIdentifier>
      <Extensions>ui</Extensions>
    </Filter>
    <Filter Include="Translation Files">
      <UniqueIdentifier>{639EADAA-A684-42e4-A9AD-28FC9BCB8F7C}</UniqueIdentifier>
      <Extensions>ts</Extensions>
    </Filter>
    <Filter Include="op">
      <UniqueIdentifier>{f63bf038-a8aa-4b31-8e78-f8865db88f22}</UniqueIdentifier>
    </Filter>
    <Filter Include="render">
      <UniqueIdentifier>{e495f617-497e-459a-89bf-005a5a4ee998}</UniqueIdentifier>
    </Filter>
    <Filter Include="dsp">
      <UniqueIdentifier>{3e0efaef-0f86-4445-bc4a-ee348f27cafa}</UniqueIdentifier>
    </Filter>
    <Filter Include="prov">
      <UniqueIdentifier>{3d5191d1-d907-41e4-aed6-0f635364f63d}</UniqueIdentifier>
    </Filter>
  </ItemGroup>
  <ItemGroup>
    <ClCompile Include="src\KcAudioCaptureDlg.cpp">
      <Filter>Source Files</Filter>
    </ClCompile>
    <ClCompile Include="src\audio\KcAudio.cpp">
      <Filter>Source Files</Filter>
    </ClCompile>
    <ClCompile Include="src\audio\KcAudioCapture.cpp">
      <Filter>Source Files</Filter>
    </ClCompile>
    <ClCompile Include="src\audio\KcAudioDevice.cpp">
      <Filter>Source Files</Filter>
    </ClCompile>
    <ClCompile Include="src\audio\KcAudioRender.cpp">
      <Filter>Source Files</Filter>
    </ClCompile>
    <ClCompile Include="src\base\KuStrUtil.cpp">
      <Filter>Source Files</Filter>
    </ClCompile>
    <ClCompile Include="src\gui\QtVolumnBar.cpp">
      <Filter>Source Files</Filter>
    </ClCompile>
    <ClCompile Include="src\gui\QtWaveBar.cpp">
      <Filter>Source Files</Filter>
    </ClCompile>
    <ClCompile Include="src\dsp\KcFormulaData1d.cpp">
      <Filter>Source Files</Filter>
    </ClCompile>
    <ClCompile Include="src\gui\QtAuidoUtils.cpp">
      <Filter>Source Files</Filter>
    </ClCompile>
    <ClCompile Include="src\KcFormulaDlg.cpp">
      <Filter>Source Files</Filter>
    </ClCompile>
    <ClCompile Include="src\QtMainFrame.cpp">
      <Filter>Source Files</Filter>
    </ClCompile>
    <ClCompile Include="src\QtnPropertyWidgetX.cpp">
      <Filter>Source Files</Filter>
    </ClCompile>
    <ClCompile Include="src\base\KuPathUtil.cpp">
      <Filter>Source Files</Filter>
    </ClCompile>
    <ClCompile Include="src\QtWorkspaceWidget.cpp">
      <Filter>Source Files</Filter>
    </ClCompile>
    <ClCompile Include="src\main.cpp">
      <Filter>Source Files</Filter>
    </ClCompile>
    <ClCompile Include="src\QtAppEventHub.cpp">
      <Filter>Source Files</Filter>
    </ClCompile>
    <ClCompile Include="src\op\KvOpHelper1d.cpp">
      <Filter>op</Filter>
    </ClCompile>
    <ClCompile Include="src\op\KcOpSpectrum.cpp">
      <Filter>op</Filter>
    </ClCompile>
    <ClCompile Include="src\op\KcOpFraming.cpp">
      <Filter>op</Filter>
    </ClCompile>
    <ClCompile Include="src\op\KcOpHist.cpp">
      <Filter>op</Filter>
    </ClCompile>
    <ClCompile Include="src\op\KcOpFilterBank.cpp">
      <Filter>op</Filter>
    </ClCompile>
    <ClCompile Include="src\op\KcOpWindowing.cpp">
      <Filter>op</Filter>
    </ClCompile>
    <ClCompile Include="src\KcRdPlot2d.cpp">
      <Filter>render</Filter>
    </ClCompile>
    <ClCompile Include="src\KcRdPlot1d.cpp">
      <Filter>render</Filter>
    </ClCompile>
    <ClCompile Include="src\KvRdCustomPlot.cpp">
      <Filter>render</Filter>
    </ClCompile>
    <ClCompile Include="src\dsp\KcSampled1d.cpp">
      <Filter>dsp</Filter>
    </ClCompile>
    <ClCompile Include="src\dsp\KcSampled2d.cpp">
      <Filter>dsp</Filter>
    </ClCompile>
    <ClCompile Include="src\audio\KgAudioFile.cpp">
      <Filter>dsp</Filter>
    </ClCompile>
    <ClCompile Include="src\dsp\KgFilterBank.cpp">
      <Filter>dsp</Filter>
    </ClCompile>
    <ClCompile Include="src\dsp\KgFraming.cpp">
      <Filter>dsp</Filter>
    </ClCompile>
    <ClCompile Include="src\dsp\KgHist.cpp">
      <Filter>dsp</Filter>
    </ClCompile>
    <ClCompile Include="src\dsp\KgMultiply.cpp">
      <Filter>dsp</Filter>
    </ClCompile>
    <ClCompile Include="src\dsp\KgRdft.cpp">
      <Filter>dsp</Filter>
    </ClCompile>
    <ClCompile Include="src\dsp\KgSpectrogram.cpp">
      <Filter>dsp</Filter>
    </ClCompile>
    <ClCompile Include="src\dsp\KgSpectrum.cpp">
      <Filter>dsp</Filter>
    </ClCompile>
    <ClCompile Include="src\dsp\KgWindowing.cpp">
      <Filter>dsp</Filter>
    </ClCompile>
    <ClCompile Include="src\dsp\KuFreqUnit.cpp">
      <Filter>dsp</Filter>
    </ClCompile>
    <ClCompile Include="src\dsp\KuWindowFactory.cpp">
      <Filter>dsp</Filter>
    </ClCompile>
    <ClCompile Include="src\KcPvAudioInput.cpp">
      <Filter>prov</Filter>
    </ClCompile>
    <ClCompile Include="src\KcPvDataSnapshot.cpp">
      <Filter>prov</Filter>
    </ClCompile>
  </ItemGroup>
  <ItemGroup>
    <QtMoc Include="src\KcAudioCaptureDlg.h">
      <Filter>Header Files</Filter>
    </QtMoc>
    <QtMoc Include="src\gui\QtVolumnBar.h">
      <Filter>Header Files</Filter>
    </QtMoc>
    <QtMoc Include="src\gui\QtWaveBar.h">
      <Filter>Header Files</Filter>
    </QtMoc>
    <QtMoc Include="src\KcFormulaDlg.h">
      <Filter>Header Files</Filter>
    </QtMoc>
    <QtMoc Include="src\QtMainFrame.h">
      <Filter>Header Files</Filter>
    </QtMoc>
    <QtMoc Include="src\QtWorkspaceWidget.h">
      <Filter>Header Files</Filter>
    </QtMoc>
    <QtMoc Include="src\QtnPropertyWidgetX.h">
      <Filter>Header Files</Filter>
    </QtMoc>
    <QtMoc Include="src\QtAppEventHub.h">
      <Filter>Header Files</Filter>
    </QtMoc>
    <QtMoc Include="src\KvPropertiedObject.h">
      <Filter>Header Files</Filter>
    </QtMoc>
    <QtMoc Include="src\op\KvDataOperator.h">
      <Filter>op</Filter>
    </QtMoc>
    <QtMoc Include="src\KvDataProvider.h">
      <Filter>prov</Filter>
    </QtMoc>
  </ItemGroup>
  <ItemGroup>
    <ClInclude Include="src\audio\KcAudio.h">
      <Filter>Header Files</Filter>
    </ClInclude>
    <ClInclude Include="src\audio\KcAudioCapture.h">
      <Filter>Header Files</Filter>
    </ClInclude>
    <ClInclude Include="src\audio\KcAudioDevice.h">
      <Filter>Header Files</Filter>
    </ClInclude>
    <ClInclude Include="src\audio\KcAudioRender.h">
      <Filter>Header Files</Filter>
    </ClInclude>
    <ClInclude Include="src\audio\KgAudioFile.h">
      <Filter>Header Files</Filter>
    </ClInclude>
    <ClInclude Include="src\base\KtObservable.h">
      <Filter>Header Files</Filter>
    </ClInclude>
    <ClInclude Include="src\base\KuFileUtil.h">
      <Filter>Header Files</Filter>
    </ClInclude>
    <ClInclude Include="src\base\KuStrUtil.h">
      <Filter>Header Files</Filter>
    </ClInclude>
    <ClInclude Include="src\dsp\KcFormulaData1d.h">
      <Filter>Header Files</Filter>
    </ClInclude>
    <ClInclude Include="src\gui\QtAudioUtils.h">
      <Filter>Header Files</Filter>
    </ClInclude>
    <ClInclude Include="src\base\KuPathUtil.h">
      <Filter>Header Files</Filter>
    </ClInclude>
    <ClInclude Include="src\base\KtSingleton.h">
      <Filter>Header Files</Filter>
    </ClInclude>
    <ClInclude Include="src\base\KvRefObject.h">
      <Filter>Header Files</Filter>
    </ClInclude>
    <ClInclude Include="src\dsp\functions.h">
      <Filter>Header Files</Filter>
    </ClInclude>
    <ClInclude Include="src\op\KvOpHelper1d.h">
      <Filter>op</Filter>
    </ClInclude>
    <ClInclude Include="src\op\KcOpWindowing.h">
      <Filter>op</Filter>
    </ClInclude>
    <ClInclude Include="src\op\KcOpFilterBank.h">
      <Filter>op</Filter>
    </ClInclude>
    <ClInclude Include="src\op\KcOpSpectrum.h">
      <Filter>op</Filter>
    </ClInclude>
    <ClInclude Include="src\op\KcOpFraming.h">
      <Filter>op</Filter>
    </ClInclude>
    <ClInclude Include="src\op\KcOpHist.h">
      <Filter>op</Filter>
    </ClInclude>
    <ClInclude Include="src\KvDataRender.h">
      <Filter>render</Filter>
    </ClInclude>
    <ClInclude Include="src\KvRdCustomPlot.h">
      <Filter>render</Filter>
    </ClInclude>
    <ClInclude Include="src\KcRdPlot2d.h">
      <Filter>render</Filter>
    </ClInclude>
    <ClInclude Include="src\KcRdPlot1d.h">
      <Filter>render</Filter>
    </ClInclude>
    <ClInclude Include="src\dsp\KvData.h">
      <Filter>dsp</Filter>
    </ClInclude>
    <ClInclude Include="src\base\KtuMath.h">
      <Filter>dsp</Filter>
    </ClInclude>
    <ClInclude Include="src\dsp\KtSampling.h">
      <Filter>dsp</Filter>
    </ClInclude>
    <ClInclude Include="src\dsp\KtSampledArray.h">
      <Filter>dsp</Filter>
    </ClInclude>
    <ClInclude Include="src\dsp\KtInterval.h">
      <Filter>dsp</Filter>
    </ClInclude>
    <ClInclude Include="src\dsp\KgWindowing.h">
      <Filter>dsp</Filter>
    </ClInclude>
    <ClInclude Include="src\dsp\KgSpectrum.h">
      <Filter>dsp</Filter>
    </ClInclude>
    <ClInclude Include="src\dsp\KgSpectrogram.h">
      <Filter>dsp</Filter>
    </ClInclude>
    <ClInclude Include="src\dsp\KgRdft.h">
      <Filter>dsp</Filter>
    </ClInclude>
    <ClInclude Include="src\dsp\KgMultiply.h">
      <Filter>dsp</Filter>
    </ClInclude>
    <ClInclude Include="src\dsp\KgHist.h">
      <Filter>dsp</Filter>
    </ClInclude>
    <ClInclude Include="src\dsp\KgFraming.h">
      <Filter>dsp</Filter>
    </ClInclude>
    <ClInclude Include="src\dsp\KgFilterBank.h">
      <Filter>dsp</Filter>
    </ClInclude>
    <ClInclude Include="src\dsp\kDsp.h">
      <Filter>dsp</Filter>
    </ClInclude>
    <ClInclude Include="src\dsp\KcSampled2d.h">
      <Filter>dsp</Filter>
    </ClInclude>
    <ClInclude Include="src\dsp\KcSampled1d.h">
      <Filter>dsp</Filter>
    </ClInclude>
    <ClInclude Include="src\dsp\KuFreqUnit.h">
      <Filter>dsp</Filter>
    </ClInclude>
    <ClInclude Include="src\dsp\KuWindowFactory.h">
      <Filter>dsp</Filter>
    </ClInclude>
    <ClInclude Include="src\KcPvAudioInput.h">
      <Filter>prov</Filter>
    </ClInclude>
    <ClInclude Include="src\KcPvDataSnapshot.h">
      <Filter>prov</Filter>
    </ClInclude>
    <ClInclude Include="src\KvDataStream.h">
      <Filter>prov</Filter>
    </ClInclude>
    <ClInclude Include="src\dsp\KtSampled.h">
      <Filter>dsp</Filter>
    </ClInclude>
  </ItemGroup>
  <ItemGroup>
    <QtUic Include="src\audio_capture_dlg.ui">
      <Filter>Form Files</Filter>
    </QtUic>
    <QtUic Include="src\formula_dlg.ui">
      <Filter>Form Files</Filter>
    </QtUic>
  </ItemGroup>
  <ItemGroup>
    <QtRcc Include="resource\DataVis.qrc">
      <Filter>Resource Files</Filter>
    </QtRcc>
  </ItemGroup>
</Project>