<?xml version="1.0" encoding="utf-8"?>
<Project ToolsVersion="4.0" xmlns="http://schemas.microsoft.com/developer/msbuild/2003">
  <ItemGroup>
    <Filter Include="op">
      <UniqueIdentifier>{f63bf038-a8aa-4b31-8e78-f8865db88f22}</UniqueIdentifier>
    </Filter>
    <Filter Include="render">
      <UniqueIdentifier>{e495f617-497e-459a-89bf-005a5a4ee998}</UniqueIdentifier>
    </Filter>
    <Filter Include="dsp">
      <UniqueIdentifier>{3e0efaef-0f86-4445-bc4a-ee348f27cafa}</UniqueIdentifier>
    </Filter>
    <Filter Include="prov">
      <UniqueIdentifier>{3d5191d1-d907-41e4-aed6-0f635364f63d}</UniqueIdentifier>
    </Filter>
    <Filter Include="base">
      <UniqueIdentifier>{33228e2a-3d79-4539-bc42-f98876ee3f3b}</UniqueIdentifier>
    </Filter>
    <Filter Include="audio">
      <UniqueIdentifier>{935b133f-f696-4b69-98fb-9386c7a1946a}</UniqueIdentifier>
    </Filter>
    <Filter Include="plot">
      <UniqueIdentifier>{8a43f5cc-ba62-4f8b-a6c3-aee1ef50082b}</UniqueIdentifier>
    </Filter>
    <Filter Include="imapp">
      <UniqueIdentifier>{c8c5e653-b833-421c-b10c-303e20857f09}</UniqueIdentifier>
    </Filter>
    <Filter Include="3rdparty">
      <UniqueIdentifier>{ec7a3d29-f88d-435b-9291-9c31ba73204a}</UniqueIdentifier>
    </Filter>
    <Filter Include="3rdparty\imnodes">
      <UniqueIdentifier>{32801069-2ba1-439d-90d1-44f3b878732f}</UniqueIdentifier>
    </Filter>
    <Filter Include="3rdparty\imgui">
      <UniqueIdentifier>{61d07be6-8ba9-46de-9220-7c7e9c20a938}</UniqueIdentifier>
    </Filter>
    <Filter Include="3rdparty\imFileDialog">
      <UniqueIdentifier>{3ce5a1f3-ec03-4789-9bf1-b55abfac78dd}</UniqueIdentifier>
    </Filter>
  </ItemGroup>
  <ItemGroup>
    <ClCompile Include="src\dsp\KgHist.cpp">
      <Filter>dsp</Filter>
    </ClCompile>
    <ClCompile Include="src\dsp\KgMultiply.cpp">
      <Filter>dsp</Filter>
    </ClCompile>
    <ClCompile Include="src\base\KuPathUtil.cpp">
      <Filter>base</Filter>
    </ClCompile>
    <ClCompile Include="src\base\KuStrUtil.cpp">
      <Filter>base</Filter>
    </ClCompile>
    <ClCompile Include="src\dsp\KvDiscreted.cpp">
      <Filter>dsp</Filter>
    </ClCompile>
    <ClCompile Include="src\main.cpp" />
    <ClCompile Include="src\dsp\KgRand.cpp">
      <Filter>dsp</Filter>
    </ClCompile>
    <ClCompile Include="src\dsp\KmBins.cpp">
      <Filter>dsp</Filter>
    </ClCompile>
    <ClCompile Include="src\dsp\KgHistC.cpp">
      <Filter>dsp</Filter>
    </ClCompile>
    <ClCompile Include="src\base\KuFileUtil.cpp">
      <Filter>base</Filter>
    </ClCompile>
    <ClCompile Include="src\plot\KvScaler.cpp">
      <Filter>plot</Filter>
    </ClCompile>
    <ClCompile Include="src\plot\KcLinearScaler.cpp">
      <Filter>plot</Filter>
    </ClCompile>
    <ClCompile Include="3rdparty\imgui\imgui.cpp">
      <Filter>3rdparty\imgui</Filter>
    </ClCompile>
    <ClCompile Include="3rdparty\imgui\imgui_draw.cpp">
      <Filter>3rdparty\imgui</Filter>
    </ClCompile>
    <ClCompile Include="3rdparty\imgui\imgui_tables.cpp">
      <Filter>3rdparty\imgui</Filter>
    </ClCompile>
    <ClCompile Include="3rdparty\imgui\imgui_widgets.cpp">
      <Filter>3rdparty\imgui</Filter>
    </ClCompile>
    <ClCompile Include="3rdparty\imgui\backends\imgui_impl_glfw.cpp">
      <Filter>3rdparty\imgui</Filter>
    </ClCompile>
    <ClCompile Include="3rdparty\imgui\backends\imgui_impl_opengl3.cpp">
      <Filter>3rdparty\imgui</Filter>
    </ClCompile>
    <ClCompile Include="src\imapp\KsImApp.cpp">
      <Filter>imapp</Filter>
    </ClCompile>
    <ClCompile Include="src\imapp\KvImWindow.cpp">
      <Filter>imapp</Filter>
    </ClCompile>
    <ClCompile Include="3rdparty\imnodes\imnodes.cpp">
      <Filter>3rdparty\imnodes</Filter>
    </ClCompile>
    <ClCompile Include="src\imapp\KgImWindowManager.cpp">
      <Filter>imapp</Filter>
    </ClCompile>
    <ClCompile Include="3rdparty\imgui\imgui_demo.cpp">
      <Filter>3rdparty\imgui</Filter>
    </ClCompile>
    <ClCompile Include="src\imapp\KcImNodeEditor.cpp">
      <Filter>imapp</Filter>
    </ClCompile>
    <ClCompile Include="src\imapp\KvNode.cpp">
      <Filter>imapp</Filter>
    </ClCompile>
    <ClCompile Include="src\imapp\KcImActionPanel.cpp">
      <Filter>imapp</Filter>
    </ClCompile>
    <ClCompile Include="3rdparty\ImFileDialog\ImFileDialog.cpp">
      <Filter>3rdparty\imFileDialog</Filter>
    </ClCompile>
    <ClCompile Include="src\imapp\KcActionNewTextData.cpp">
      <Filter>imapp</Filter>
    </ClCompile>
    <ClCompile Include="src\imapp\KcActionSequence.cpp">
      <Filter>imapp</Filter>
    </ClCompile>
    <ClCompile Include="src\imapp\KcActionShowFileDialog.cpp">
      <Filter>imapp</Filter>
    </ClCompile>
    <ClCompile Include="src\imapp\KcActionTextLoadAndClean.cpp">
      <Filter>imapp</Filter>
    </ClCompile>
    <ClCompile Include="src\imapp\KcImTextCleaner.cpp">
      <Filter>imapp</Filter>
    </ClCompile>
    <ClCompile Include="src\imapp\KvImModalWindow.cpp">
      <Filter>imapp</Filter>
    </ClCompile>
    <ClCompile Include="src\imapp\KgModuleManager.cpp">
      <Filter>imapp</Filter>
    </ClCompile>
    <ClCompile Include="src\imapp\KcModuleImGuiGlfw.cpp">
      <Filter>imapp</Filter>
    </ClCompile>
    <ClCompile Include="src\imapp\KcModuleImNode.cpp">
      <Filter>imapp</Filter>
    </ClCompile>
    <ClCompile Include="src\imapp\KcModuleImFileDialog.cpp">
      <Filter>imapp</Filter>
    </ClCompile>
    <ClCompile Include="src\imapp\KcImDataMaker.cpp">
      <Filter>imapp</Filter>
    </ClCompile>
    <ClCompile Include="src\imapp\KcActionInsertDataNode.cpp">
      <Filter>imapp</Filter>
    </ClCompile>
    <ClCompile Include="src\prov\KvDataProvider.cpp">
      <Filter>prov</Filter>
    </ClCompile>
    <ClCompile Include="src\prov\KcPvData.cpp">
      <Filter>prov</Filter>
    </ClCompile>
    <ClCompile Include="src\plot\KvPlot3d.cpp">
      <Filter>plot</Filter>
    </ClCompile>
    <ClCompile Include="src\plot\KcCoord3d.cpp">
      <Filter>plot</Filter>
    </ClCompile>
    <ClCompile Include="src\plot\KcAxis.cpp">
      <Filter>plot</Filter>
    </ClCompile>
    <ClCompile Include="src\plot\KcCoordPlane.cpp">
      <Filter>plot</Filter>
    </ClCompile>
    <ClCompile Include="src\imapp\KcImPaint.cpp">
      <Filter>imapp</Filter>
    </ClCompile>
    <ClCompile Include="src\imapp\KcImPlot3d.cpp">
      <Filter>imapp</Filter>
    </ClCompile>
    <ClCompile Include="src\render\KcRdPlot1d.cpp">
      <Filter>render</Filter>
    </ClCompile>
    <ClCompile Include="src\imapp\KcImPlot2d.cpp">
      <Filter>imapp</Filter>
    </ClCompile>
    <ClCompile Include="src\plot\KvPlot.cpp">
      <Filter>plot</Filter>
    </ClCompile>
    <ClCompile Include="src\imapp\KcImPropertySheet.cpp">
      <Filter>imapp</Filter>
    </ClCompile>
    <ClCompile Include="3rdparty\imgui\misc\cpp\imgui_stdlib.cpp">
      <Filter>3rdparty\imgui</Filter>
    </ClCompile>
    <ClCompile Include="src\render\KcRdPlot3d.cpp">
      <Filter>render</Filter>
    </ClCompile>
    <ClCompile Include="src\render\KvRdPlot.cpp">
      <Filter>render</Filter>
    </ClCompile>
    <ClCompile Include="src\plot\KvPaint.cpp">
      <Filter>plot</Filter>
    </ClCompile>
    <ClCompile Include="src\plot\KvPlottable.cpp">
      <Filter>plot</Filter>
    </ClCompile>
    <ClCompile Include="src\plot\KcGraph.cpp">
      <Filter>plot</Filter>
    </ClCompile>
    <ClCompile Include="src\plot\KcScatter.cpp">
      <Filter>plot</Filter>
    </ClCompile>
    <ClCompile Include="src\plot\KvPlottable1d.cpp">
      <Filter>plot</Filter>
    </ClCompile>
    <ClCompile Include="src\plot\KcCoord2d.cpp">
      <Filter>plot</Filter>
    </ClCompile>
    <ClCompile Include="src\plot\KvPlot2d.cpp">
      <Filter>plot</Filter>
    </ClCompile>
    <ClCompile Include="src\plot\KsThemeManager.cpp">
      <Filter>plot</Filter>
    </ClCompile>
    <ClCompile Include="src\plot\KuThemeParser.cpp">
      <Filter>plot</Filter>
    </ClCompile>
    <ClCompile Include="src\plot\KvThemedPlot.cpp">
      <Filter>plot</Filter>
    </ClCompile>
    <ClCompile Include="src\plot\KuColorUtil.cpp">
      <Filter>plot</Filter>
    </ClCompile>
    <ClCompile Include="src\base\KuLex.cpp">
      <Filter>base</Filter>
    </ClCompile>
    <ClCompile Include="src\plot\KcThemedPlotImpl_.cpp">
      <Filter>plot</Filter>
    </ClCompile>
    <ClCompile Include="src\plot\KvCoord.cpp">
      <Filter>plot</Filter>
    </ClCompile>
    <ClCompile Include="src\imapp\imguix.cpp">
      <Filter>imapp</Filter>
    </ClCompile>
    <ClCompile Include="src\prov\KcPvAudioInput.cpp">
      <Filter>prov</Filter>
    </ClCompile>
    <ClCompile Include="src\audio\KcAudioDevice.cpp">
      <Filter>audio</Filter>
    </ClCompile>
    <ClCompile Include="src\plot\KcBars2d.cpp">
      <Filter>plot</Filter>
    </ClCompile>
    <ClCompile Include="src\dsp\KuDataUtil.cpp">
      <Filter>dsp</Filter>
    </ClCompile>
    <ClCompile Include="src\imapp\KcImDataView.cpp">
      <Filter>imapp</Filter>
    </ClCompile>
    <ClCompile Include="src\op\KvDataOperator.cpp">
      <Filter>op</Filter>
    </ClCompile>
    <ClCompile Include="src\op\KcOpSpectrum.cpp">
      <Filter>op</Filter>
    </ClCompile>
    <ClCompile Include="src\dsp\KgSpectrum.cpp">
      <Filter>dsp</Filter>
    </ClCompile>
    <ClCompile Include="src\dsp\KgRdft.cpp">
      <Filter>dsp</Filter>
    </ClCompile>
    <ClCompile Include="src\imapp\KgPipeline.cpp">
      <Filter>imapp</Filter>
    </ClCompile>
    <ClCompile Include="src\prov\KcPvExpr.cpp">
      <Filter>prov</Filter>
    </ClCompile>
    <ClCompile Include="src\dsp\KvContinued.cpp">
      <Filter>dsp</Filter>
    </ClCompile>
    <ClCompile Include="src\imapp\KcImExprEditor.cpp">
      <Filter>imapp</Filter>
    </ClCompile>
    <ClCompile Include="src\op\KcOpFraming.cpp">
      <Filter>op</Filter>
    </ClCompile>
    <ClCompile Include="src\op\KcOpHist.cpp">
      <Filter>op</Filter>
    </ClCompile>
    <ClCompile Include="src\plot\KcColorMap.cpp">
      <Filter>plot</Filter>
    </ClCompile>
    <ClCompile Include="src\render\KcRdPlot2d.cpp">
      <Filter>render</Filter>
    </ClCompile>
    <ClCompile Include="src\render\KvDataRender.cpp">
      <Filter>render</Filter>
    </ClCompile>
    <ClCompile Include="src\render\KcRdAudioPlayer.cpp">
      <Filter>render</Filter>
    </ClCompile>
    <ClCompile Include="src\audio\KcAudioRender.cpp">
      <Filter>audio</Filter>
    </ClCompile>
    <ClCompile Include="src\op\KcOpSampler.cpp">
      <Filter>op</Filter>
    </ClCompile>
    <ClCompile Include="src\dsp\KcSampler.cpp">
      <Filter>dsp</Filter>
    </ClCompile>
    <ClCompile Include="src\dsp\KcContinuedFn.cpp">
      <Filter>dsp</Filter>
    </ClCompile>
  </ItemGroup>
  <ItemGroup>
    <ClInclude Include="src\dsp\KvData.h">
      <Filter>dsp</Filter>
    </ClInclude>
    <ClInclude Include="src\dsp\KtSampling.h">
      <Filter>dsp</Filter>
    </ClInclude>
    <ClInclude Include="src\dsp\KtSampledArray.h">
      <Filter>dsp</Filter>
    </ClInclude>
    <ClInclude Include="src\dsp\KgMultiply.h">
      <Filter>dsp</Filter>
    </ClInclude>
    <ClInclude Include="src\dsp\KgHist.h">
      <Filter>dsp</Filter>
    </ClInclude>
    <ClInclude Include="src\dsp\kDsp.h">
      <Filter>dsp</Filter>
    </ClInclude>
    <ClInclude Include="src\dsp\KcSampled2d.h">
      <Filter>dsp</Filter>
    </ClInclude>
    <ClInclude Include="src\dsp\KcSampled1d.h">
      <Filter>dsp</Filter>
    </ClInclude>
    <ClInclude Include="src\dsp\KtSampled.h">
      <Filter>dsp</Filter>
    </ClInclude>
    <ClInclude Include="src\dsp\KcContinuedFn.h">
      <Filter>dsp</Filter>
    </ClInclude>
    <ClInclude Include="src\dsp\KtScattered.h">
      <Filter>dsp</Filter>
    </ClInclude>
    <ClInclude Include="src\dsp\KcSampler.h">
      <Filter>dsp</Filter>
    </ClInclude>
    <ClInclude Include="src\dsp\KvSampled.h">
      <Filter>dsp</Filter>
    </ClInclude>
    <ClInclude Include="src\base\KtObservable.h">
      <Filter>base</Filter>
    </ClInclude>
    <ClInclude Include="src\base\KtSingleton.h">
      <Filter>base</Filter>
    </ClInclude>
    <ClInclude Include="src\base\KuFileUtil.h">
      <Filter>base</Filter>
    </ClInclude>
    <ClInclude Include="src\base\KuPathUtil.h">
      <Filter>base</Filter>
    </ClInclude>
    <ClInclude Include="src\base\KuStrUtil.h">
      <Filter>base</Filter>
    </ClInclude>
    <ClInclude Include="src\dsp\KvDiscreted.h">
      <Filter>dsp</Filter>
    </ClInclude>
    <ClInclude Include="src\dsp\KtFIR.h">
      <Filter>dsp</Filter>
    </ClInclude>
    <ClInclude Include="src\base\KtuMath.h">
      <Filter>base</Filter>
    </ClInclude>
    <ClInclude Include="src\dsp\KgRand.h">
      <Filter>dsp</Filter>
    </ClInclude>
    <ClInclude Include="src\dsp\excitors.h">
      <Filter>dsp</Filter>
    </ClInclude>
    <ClInclude Include="src\dsp\KgHistC.h">
      <Filter>dsp</Filter>
    </ClInclude>
    <ClInclude Include="src\dsp\KmBins.h">
      <Filter>dsp</Filter>
    </ClInclude>
    <ClInclude Include="src\renderer.h" />
    <ClInclude Include="src\provider.h" />
    <ClInclude Include="src\operator.h" />
    <ClInclude Include="src\dsp\KuMatrixUtil.h">
      <Filter>dsp</Filter>
    </ClInclude>
    <ClInclude Include="src\plot\KcAxis.h">
      <Filter>plot</Filter>
    </ClInclude>
    <ClInclude Include="src\plot\KcCoord3d.h">
      <Filter>plot</Filter>
    </ClInclude>
    <ClInclude Include="src\plot\KvPlottable.h">
      <Filter>plot</Filter>
    </ClInclude>
    <ClInclude Include="src\plot\KvPlot3d.h">
      <Filter>plot</Filter>
    </ClInclude>
    <ClInclude Include="src\plot\KvRenderable.h">
      <Filter>plot</Filter>
    </ClInclude>
    <ClInclude Include="src\base\KtVector3.h">
      <Filter>base</Filter>
    </ClInclude>
    <ClInclude Include="src\base\KtVector4.h">
      <Filter>base</Filter>
    </ClInclude>
    <ClInclude Include="src\plot\KvScaler.h">
      <Filter>plot</Filter>
    </ClInclude>
    <ClInclude Include="src\plot\KcLinearScaler.h">
      <Filter>plot</Filter>
    </ClInclude>
    <ClInclude Include="src\plot\KcCoordPlane.h">
      <Filter>plot</Filter>
    </ClInclude>
    <ClInclude Include="src\dsp\KtMultiArray.h">
      <Filter>dsp</Filter>
    </ClInclude>
    <ClInclude Include="src\base\KtPoint.h">
      <Filter>base</Filter>
    </ClInclude>
    <ClInclude Include="src\base\KtAABB.h">
      <Filter>base</Filter>
    </ClInclude>
    <ClInclude Include="src\plot\KcGraph.h">
      <Filter>plot</Filter>
    </ClInclude>
    <ClInclude Include="src\base\KtMatrix3.h">
      <Filter>base</Filter>
    </ClInclude>
    <ClInclude Include="3rdparty\imgui\imconfig.h">
      <Filter>3rdparty\imgui</Filter>
    </ClInclude>
    <ClInclude Include="3rdparty\imgui\imgui.h">
      <Filter>3rdparty\imgui</Filter>
    </ClInclude>
    <ClInclude Include="3rdparty\imgui\imgui_internal.h">
      <Filter>3rdparty\imgui</Filter>
    </ClInclude>
    <ClInclude Include="3rdparty\imgui\imstb_rectpack.h">
      <Filter>3rdparty\imgui</Filter>
    </ClInclude>
    <ClInclude Include="3rdparty\imgui\imstb_textedit.h">
      <Filter>3rdparty\imgui</Filter>
    </ClInclude>
    <ClInclude Include="3rdparty\imgui\imstb_truetype.h">
      <Filter>3rdparty\imgui</Filter>
    </ClInclude>
    <ClInclude Include="3rdparty\imgui\backends\imgui_impl_glfw.h">
      <Filter>3rdparty\imgui</Filter>
    </ClInclude>
    <ClInclude Include="3rdparty\imgui\backends\imgui_impl_opengl3.h">
      <Filter>3rdparty\imgui</Filter>
    </ClInclude>
    <ClInclude Include="3rdparty\imgui\backends\imgui_impl_opengl3_loader.h">
      <Filter>3rdparty\imgui</Filter>
    </ClInclude>
    <ClInclude Include="src\imapp\KsImApp.h">
      <Filter>imapp</Filter>
    </ClInclude>
    <ClInclude Include="src\imapp\KvImWindow.h">
      <Filter>imapp</Filter>
    </ClInclude>
    <ClInclude Include="3rdparty\imnodes\imnodes.h">
      <Filter>3rdparty\imnodes</Filter>
    </ClInclude>
    <ClInclude Include="3rdparty\imnodes\imnodes_internal.h">
      <Filter>3rdparty\imnodes</Filter>
    </ClInclude>
    <ClInclude Include="src\imapp\KgImWindowManager.h">
      <Filter>imapp</Filter>
    </ClInclude>
    <ClInclude Include="src\imapp\KcImNodeEditor.h">
      <Filter>imapp</Filter>
    </ClInclude>
    <ClInclude Include="src\imapp\KvNode.h">
      <Filter>imapp</Filter>
    </ClInclude>
    <ClInclude Include="src\imapp\KcImActionPanel.h">
      <Filter>imapp</Filter>
    </ClInclude>
    <ClInclude Include="3rdparty\ImFileDialog\ImFileDialog.h">
      <Filter>3rdparty\imFileDialog</Filter>
    </ClInclude>
    <ClInclude Include="src\base\KtUId.h">
      <Filter>base</Filter>
    </ClInclude>
    <ClInclude Include="src\base\KtUniObject.h">
      <Filter>base</Filter>
    </ClInclude>
    <ClInclude Include="src\imapp\KvAction.h">
      <Filter>imapp</Filter>
    </ClInclude>
    <ClInclude Include="src\imapp\KcActionNewTextData.h">
      <Filter>imapp</Filter>
    </ClInclude>
    <ClInclude Include="src\imapp\KcActionSequence.h">
      <Filter>imapp</Filter>
    </ClInclude>
    <ClInclude Include="src\imapp\KcActionShowFileDialog.h">
      <Filter>imapp</Filter>
    </ClInclude>
    <ClInclude Include="src\imapp\KcActionTextLoadAndClean.h">
      <Filter>imapp</Filter>
    </ClInclude>
    <ClInclude Include="src\imapp\KcImTextCleaner.h">
      <Filter>imapp</Filter>
    </ClInclude>
    <ClInclude Include="src\imapp\KvModule.h">
      <Filter>imapp</Filter>
    </ClInclude>
    <ClInclude Include="src\imapp\KvImModalWindow.h">
      <Filter>imapp</Filter>
    </ClInclude>
    <ClInclude Include="src\imapp\KgModuleManager.h">
      <Filter>imapp</Filter>
    </ClInclude>
    <ClInclude Include="src\imapp\KcModuleImGuiGlfw.h">
      <Filter>imapp</Filter>
    </ClInclude>
    <ClInclude Include="src\imapp\KcModuleImNode.h">
      <Filter>imapp</Filter>
    </ClInclude>
    <ClInclude Include="src\imapp\KcModuleImFileDialog.h">
      <Filter>imapp</Filter>
    </ClInclude>
    <ClInclude Include="src\imapp\KcImDataMaker.h">
      <Filter>imapp</Filter>
    </ClInclude>
    <ClInclude Include="src\imapp\KcActionInsertDataNode.h">
      <Filter>imapp</Filter>
    </ClInclude>
    <ClInclude Include="src\prov\KvDataProvider.h">
      <Filter>prov</Filter>
    </ClInclude>
    <ClInclude Include="src\prov\KcPvData.h">
      <Filter>prov</Filter>
    </ClInclude>
    <ClInclude Include="src\base\KtMatrix4.h">
      <Filter>base</Filter>
    </ClInclude>
    <ClInclude Include="src\base\KtQuaternion.h">
      <Filter>base</Filter>
    </ClInclude>
    <ClInclude Include="src\base\KtArray.h">
      <Filter>base</Filter>
    </ClInclude>
    <ClInclude Include="src\base\KtCamera.h">
      <Filter>base</Filter>
    </ClInclude>
    <ClInclude Include="src\base\KtPlane.h">
      <Filter>base</Filter>
    </ClInclude>
    <ClInclude Include="src\imapp\KcImPlot3d.h">
      <Filter>imapp</Filter>
    </ClInclude>
    <ClInclude Include="src\plot\KvPaint.h">
      <Filter>plot</Filter>
    </ClInclude>
    <ClInclude Include="src\base\KtTrackballController.h">
      <Filter>base</Filter>
    </ClInclude>
    <ClInclude Include="src\imapp\KcImPaint.h">
      <Filter>imapp</Filter>
    </ClInclude>
    <ClInclude Include="src\render\KvDataRender.h">
      <Filter>render</Filter>
    </ClInclude>
    <ClInclude Include="src\render\KcRdPlot1d.h">
      <Filter>render</Filter>
    </ClInclude>
    <ClInclude Include="src\imapp\KtActionInsertNode.h">
      <Filter>imapp</Filter>
    </ClInclude>
    <ClInclude Include="src\imapp\KcImPlot2d.h">
      <Filter>imapp</Filter>
    </ClInclude>
    <ClInclude Include="src\plot\KvPlot.h">
      <Filter>plot</Filter>
    </ClInclude>
    <ClInclude Include="src\dsp\KcDataMono.h">
      <Filter>dsp</Filter>
    </ClInclude>
    <ClInclude Include="src\imapp\KcImPropertySheet.h">
      <Filter>imapp</Filter>
    </ClInclude>
    <ClInclude Include="3rdparty\imgui\misc\cpp\imgui_stdlib.h">
      <Filter>3rdparty\imgui</Filter>
    </ClInclude>
    <ClInclude Include="src\render\KcRdPlot3d.h">
      <Filter>render</Filter>
    </ClInclude>
    <ClInclude Include="src\render\KvRdPlot.h">
      <Filter>render</Filter>
    </ClInclude>
    <ClInclude Include="src\plot\KpContext.h">
      <Filter>plot</Filter>
    </ClInclude>
    <ClInclude Include="src\plot\KcScatter.h">
      <Filter>plot</Filter>
    </ClInclude>
    <ClInclude Include="src\plot\KvPlot2d.h">
      <Filter>plot</Filter>
    </ClInclude>
    <ClInclude Include="src\plot\KcCoord2d.h">
      <Filter>plot</Filter>
    </ClInclude>
    <ClInclude Include="src\plot\KvPlottable1d.h">
      <Filter>plot</Filter>
    </ClInclude>
    <ClInclude Include="src\plot\KtColor.h">
      <Filter>plot</Filter>
    </ClInclude>
    <ClInclude Include="src\plot\KtMargins.h">
      <Filter>plot</Filter>
    </ClInclude>
    <ClInclude Include="src\base\KtLine.h">
      <Filter>base</Filter>
    </ClInclude>
    <ClInclude Include="src\plot\KsThemeManager.h">
      <Filter>plot</Filter>
    </ClInclude>
    <ClInclude Include="src\plot\KuThemeParser.h">
      <Filter>plot</Filter>
    </ClInclude>
    <ClInclude Include="src\plot\KvThemedPlot.h">
      <Filter>plot</Filter>
    </ClInclude>
    <ClInclude Include="src\plot\KuColorUtil.h">
      <Filter>plot</Filter>
    </ClInclude>
    <ClInclude Include="src\base\KuLex.h">
      <Filter>base</Filter>
    </ClInclude>
    <ClInclude Include="src\plot\KtGradient.h">
      <Filter>plot</Filter>
    </ClInclude>
    <ClInclude Include="src\plot\KcThemedPlotImpl_.h">
      <Filter>plot</Filter>
    </ClInclude>
    <ClInclude Include="src\plot\KvCoord.h">
      <Filter>plot</Filter>
    </ClInclude>
    <ClInclude Include="src\imapp\imguix.h">
      <Filter>imapp</Filter>
    </ClInclude>
    <ClInclude Include="src\prov\KcPvAudioInput.h">
      <Filter>prov</Filter>
    </ClInclude>
    <ClInclude Include="src\audio\KcAudioDevice.h">
      <Filter>audio</Filter>
    </ClInclude>
    <ClInclude Include="src\plot\KcBars2d.h">
      <Filter>plot</Filter>
    </ClInclude>
    <ClInclude Include="src\dsp\KuDataUtil.h">
      <Filter>dsp</Filter>
    </ClInclude>
    <ClInclude Include="src\imapp\KcImDataView.h">
      <Filter>imapp</Filter>
    </ClInclude>
    <ClInclude Include="src\op\KvDataOperator.h">
      <Filter>op</Filter>
    </ClInclude>
    <ClInclude Include="src\op\KcOpSpectrum.h">
      <Filter>op</Filter>
    </ClInclude>
    <ClInclude Include="src\dsp\KgSpectrum.h">
      <Filter>dsp</Filter>
    </ClInclude>
    <ClInclude Include="src\dsp\KgRdft.h">
      <Filter>dsp</Filter>
    </ClInclude>
    <ClInclude Include="src\imapp\KgPipeline.h">
      <Filter>imapp</Filter>
    </ClInclude>
    <ClInclude Include="src\prov\KcPvExpr.h">
      <Filter>prov</Filter>
    </ClInclude>
    <ClInclude Include="src\dsp\KvContinued.h">
      <Filter>dsp</Filter>
    </ClInclude>
    <ClInclude Include="src\imapp\KcImExprEditor.h">
      <Filter>imapp</Filter>
    </ClInclude>
    <ClInclude Include="src\op\KcOpFraming.h">
      <Filter>op</Filter>
    </ClInclude>
    <ClInclude Include="src\dsp\KtFraming.h">
      <Filter>dsp</Filter>
    </ClInclude>
    <ClInclude Include="src\op\KcOpHist.h">
      <Filter>op</Filter>
    </ClInclude>
    <ClInclude Include="src\plot\KcColorMap.h">
      <Filter>plot</Filter>
    </ClInclude>
    <ClInclude Include="src\render\KcRdPlot2d.h">
      <Filter>render</Filter>
    </ClInclude>
    <ClInclude Include="src\render\KcRdAudioPlayer.h">
      <Filter>render</Filter>
    </ClInclude>
    <ClInclude Include="src\audio\KcAudioRender.h">
      <Filter>audio</Filter>
    </ClInclude>
    <ClInclude Include="src\op\KcOpSampler.h">
      <Filter>op</Filter>
    </ClInclude>
    <ClInclude Include="src\dsp\minmax.h">
      <Filter>dsp</Filter>
    </ClInclude>
  </ItemGroup>
</Project>